{
  "name": "smartfinanceadvisor",
  "version": "1.0.0",
  "lockfileVersion": 1,
  "requires": true,
  "dependencies": {
    "react": {
      "version": "17.0.2",
      "resolved": "https://registry.npmjs.org/react/-/react-17.0.2.tgz",
      "integrity": "sha512-okW4wyyUqzEIohrGkdd8fJci5Br3xs4ASuikKMI1a8k0fIt9f5oKHsKnD/3uFkUOOrxt16rFcxBzGyfwjX3HRg==",
      "requires": {
        "loose-envify": "^1.1.0",
        "object-assign": "^4.1.1",
        "prop-types": "^15.7.2"
      }
    },
    "react-dom": {
      "version": "17.0.2",
      "resolved": "https://registry.npmjs.org/react-dom/-/react-dom-17.0.2.tgz",
      "integrity": "sha512-PK5QpKLKnfuG6b17EuO3M2CJQv5b1gnOToOmwXFl6oFhCQs1zEv+2n/D6jrF8Dl7G7XBo4fAlXXQ0ub3XnK02g==",
      "requires": {
        "loose-envify": "^1.1.0",
        "object-assign": "^4.1.1",
        "prop-types": "^15.7.2"
      }
    }
  }
}
